{
	"name": "gomokuflutes",
	"lockfileVersion": 3,
	"requires": true,
	"packages": {
		"": {
			"dependencies": {
				"bga-ts-template": "^1.1.8",
				"typescript": "^5.4.5"
			}
		},
		"node_modules/bga-ts-template": {
			"version": "1.1.8",
			"resolved": "https://registry.npmjs.org/bga-ts-template/-/bga-ts-template-1.1.8.tgz",
			"integrity": "sha512-WagNjrWRFgTtW1WkUr+ZEdXz/vkPDlppq9X+sJcwkdogJ9slczTBy5zIUM+T1pnxf+2XSa5CwJpkR4YezeeWeA==",
			"bin": {
				"bga-build": "bin/bga-build.js",
				"bga-init": "bin/bga-init.js"
			}
		},
		"node_modules/typescript": {
			"version": "5.4.5",
			"resolved": "https://registry.npmjs.org/typescript/-/typescript-5.4.5.tgz",
			"integrity": "sha512-vcI4UpRgg81oIRUFwR0WSIHKt11nJ7SAVlYNIu+QpqeyXP+gpQJy/Z4+F0aGxSE4MqwjyXvW/TzgkLAx2AGHwQ==",
			"bin": {
				"tsc": "bin/tsc",
				"tsserver": "bin/tsserver"
			},
			"engines": {
				"node": ">=14.17"
			}
		}
	}
}
